
Microsoft Visual Studio Solution File, Format Version 12.00
# Visual Studio Version 17
VisualStudioVersion = 17.11.35327.3
MinimumVisualStudioVersion = 10.0.40219.1
Project("{FAE04EC0-301F-11D3-BF4B-00C04F79EFBC}") = "locationvoitures", "locationvoitures\locationvoitures.csproj", "{90EBD963-7B11-4E9E-BF6C-9AD79FAD2A6E}"
EndProject
Global
	GlobalSection(SolutionConfigurationPlatforms) = preSolution
		Debug|Any CPU = Debug|Any CPU
		Release|Any CPU = Release|Any CPU
	EndGlobalSection
	GlobalSection(ProjectConfigurationPlatforms) = postSolution
		{90EBD963-7B11-4E9E-BF6C-9AD79FAD2A6E}.Debug|Any CPU.ActiveCfg = Debug|Any CPU
		{90EBD963-7B11-4E9E-BF6C-9AD79FAD2A6E}.Debug|Any CPU.Build.0 = Debug|Any CPU
		{90EBD963-7B11-4E9E-BF6C-9AD79FAD2A6E}.Release|Any CPU.ActiveCfg = Release|Any CPU
		{90EBD963-7B11-4E9E-BF6C-9AD79FAD2A6E}.Release|Any CPU.Build.0 = Release|Any CPU
	EndGlobalSection
	GlobalSection(SolutionProperties) = preSolution
		HideSolutionNode = FALSE
	EndGlobalSection
	GlobalSection(ExtensibilityGlobals) = postSolution
		SolutionGuid = {F5BBB1A9-D759-4067-A419-7A0F853C5617}
	EndGlobalSection
EndGlobal
